# This file is autogenerated, do not edit; changes may be undone by the next 'dep ensure'.


[[projects]]
  branch = "master"
  name = "github.com/AndreasBriese/bbloom"
  packages = ["."]
  revision = "28f7e881ca57bc00e028f9ede9f0d9104cfeef5e"

[[projects]]
  name = "github.com/coreos/bbolt"
  packages = ["."]
  revision = "583e8937c61f1af6513608ccc75c97b6abdf4ff9"
  version = "v1.3.0"

[[projects]]
  name = "github.com/dgraph-io/badger"
  packages = [".","options","protos","skl","table","y"]
  revision = "aa6f000eb89a17687e09260c0c3309e643182d6e"
  version = "v1.2.0"

[[projects]]
  branch = "master"
  name = "github.com/dgryski/go-farm"
  packages = ["."]
  revision = "ac7624ea8da311f2fbbd94401d8c1cf66089f9fb"

[[projects]]
  name = "github.com/fogleman/gg"
  packages = ["."]
  revision = "6166aa3c1afaee416f384645a81636267aee6d25"
  version = "v1.0.0"

[[projects]]
  branch = "master"
  name = "github.com/fogleman/primitive"
  packages = ["primitive"]
  revision = "69506c928bef740cc2b04cc385d878083556b206"

[[projects]]
  name = "github.com/glycerine/goconvey"
  packages = ["convey"]
  revision = "728b3f160cb397ba18120323ed26777ea872304e"
  version = "1.5.0"

[[projects]]
  branch = "master"
  name = "github.com/golang/freetype"
  packages = ["raster","truetype"]
  revision = "e2365dfdc4a05e4b8299a783240d4a7d5a65d4e4"

[[projects]]
  branch = "master"
  name = "github.com/golang/protobuf"
  packages = ["proto"]
  revision = "1e59b77b52bf8e4b449a57e6f79f21226d571845"

[[projects]]
  branch = "master"
  name = "github.com/jacobsa/oglematchers"
  packages = ["."]
  revision = "141901ea67cd4769c6800aa7bfdfc558fa22bda5"

[[projects]]
  name = "github.com/klauspost/compress"
  packages = ["flate","gzip","zlib"]
  revision = "6c8db69c4b49dd4df1fff66996cf556176d0b9bf"
  version = "v1.2.1"

[[projects]]
  name = "github.com/klauspost/cpuid"
  packages = ["."]
  revision = "ae7887de9fa5d2db4eaa8174a7eff2c1ac00f2da"
  version = "v1.1"

[[projects]]
  name = "github.com/klauspost/crc32"
  packages = ["."]
  revision = "cb6bfca970f6908083f26f39a79009d608efd5cd"
  version = "v1.1"

[[projects]]
  branch = "master"
  name = "github.com/nfnt/resize"
  packages = ["."]
  revision = "891127d8d1b52734debe1b3c3d7e747502b6c366"

[[projects]]
  name = "github.com/pkg/errors"
  packages = ["."]
  revision = "645ef00459ed84a119197bfb8d8205042c6df63d"
  version = "v0.8.0"

[[projects]]
  name = "github.com/sirupsen/logrus"
  packages = ["."]
  revision = "f006c2ac4710855cf0f916dd6b77acf6b048dc6e"
  version = "v1.0.3"

[[projects]]
  name = "github.com/smartystreets/goconvey"
  packages = ["assertions","execution","gotest","printing","reporting"]
  revision = "728b3f160cb397ba18120323ed26777ea872304e"
  version = "1.5.0"

[[projects]]
  name = "github.com/valyala/fasthttp"
  packages = [".","fasthttputil"]
  revision = "d42167fd04f636e20b005e9934159e95454233c7"
  version = "v20160617"

[[projects]]
  branch = "master"
  name = "golang.org/x/crypto"
  packages = ["ssh/terminal"]
  revision = "94eea52f7b742c7cbe0b03b22f0c4c8631ece122"

[[projects]]
  branch = "master"
  name = "golang.org/x/image"
  packages = ["font","font/basicfont","font/plan9font","math/fixed"]
  revision = "f7e31b4ea2e3413ab91b4e7d2dc83e5f8d19a44c"

[[projects]]
  branch = "master"
  name = "golang.org/x/net"
  packages = ["context","internal/timeseries","trace"]
  revision = "a8b9294777976932365dabb6640cf1468d95c70f"

[[projects]]
  branch = "master"
  name = "golang.org/x/sys"
  packages = ["unix","windows"]
  revision = "8b4580aae2a0dd0c231a45d3ccb8434ff533b840"

[solve-meta]
  analyzer-name = "dep"
  analyzer-version = 1
  inputs-digest = "fef562bc46c19945600ab1b3a09028ca450c471635a4a31fb839722a0b12d69f"
  solver-name = "gps-cdcl"
  solver-version = 1
